
Microsoft Visual Studio Solution File, Format Version 12.00
# Visual Studio Version 16
VisualStudioVersion = 16.0.30128.74
MinimumVisualStudioVersion = 10.0.40219.1
Project("{FAE04EC0-301F-11D3-BF4B-00C04F79EFBC}") = "HW_OOXX-1", "HW_OOXX-1\HW_OOXX-1.csproj", "{50C22EEE-6433-43F8-AADF-F03A943E5B6B}"
EndProject
Global
	GlobalSection(SolutionConfigurationPlatforms) = preSolution
		Debug|Any CPU = Debug|Any CPU
		Release|Any CPU = Release|Any CPU
	EndGlobalSection
	GlobalSection(ProjectConfigurationPlatforms) = postSolution
		{50C22EEE-6433-43F8-AADF-F03A943E5B6B}.Debug|Any CPU.ActiveCfg = Debug|Any CPU
		{50C22EEE-6433-43F8-AADF-F03A943E5B6B}.Debug|Any CPU.Build.0 = Debug|Any CPU
		{50C22EEE-6433-43F8-AADF-F03A943E5B6B}.Release|Any CPU.ActiveCfg = Release|Any CPU
		{50C22EEE-6433-43F8-AADF-F03A943E5B6B}.Release|Any CPU.Build.0 = Release|Any CPU
	EndGlobalSection
	GlobalSection(SolutionProperties) = preSolution
		HideSolutionNode = FALSE
	EndGlobalSection
	GlobalSection(ExtensibilityGlobals) = postSolution
		SolutionGuid = {3C103CC1-C032-4255-A599-30CA17224773}
	EndGlobalSection
EndGlobal
